
Microsoft Visual Studio Solution File, Format Version 12.00
# Visual Studio 14
VisualStudioVersion = 14.0.25123.0
MinimumVisualStudioVersion = 10.0.40219.1
Project("{2150E333-8FDC-42A3-9474-1A3956D46DE8}") = "src", "src", "{B5AE9DC9-887F-41B2-9863-322663371CBE}"
EndProject
Project("{2150E333-8FDC-42A3-9474-1A3956D46DE8}") = "Solution Items", "Solution Items", "{F2D439BC-C945-443C-B409-30972A46E5F1}"
	ProjectSection(SolutionItems) = preProject
		global.json = global.json
	EndProjectSection
EndProject
Project("{8BB2217D-0F2D-49D1-97BC-3654ED321F3B}") = "SecurityTrainingSite", "src\SecurityTrainingSite\SecurityTrainingSite.xproj", "{DD4FE1BD-70D5-4CB8-A765-F876D59D50AD}"
EndProject
Project("{8BB2217D-0F2D-49D1-97BC-3654ED321F3B}") = "DataAccessLayer", "src\DataAccessLayer\DataAccessLayer.xproj", "{5A3652EC-FC09-4D5A-8D86-03F8A3356562}"
EndProject
Project("{8BB2217D-0F2D-49D1-97BC-3654ED321F3B}") = "UnitTests", "src\UnitTests\UnitTests.xproj", "{507F5907-78A9-40DB-BEB5-6CA3789DE686}"
EndProject
Global
	GlobalSection(SolutionConfigurationPlatforms) = preSolution
		Debug|Any CPU = Debug|Any CPU
		Release|Any CPU = Release|Any CPU
	EndGlobalSection
	GlobalSection(ProjectConfigurationPlatforms) = postSolution
		{DD4FE1BD-70D5-4CB8-A765-F876D59D50AD}.Debug|Any CPU.ActiveCfg = Debug|Any CPU
		{DD4FE1BD-70D5-4CB8-A765-F876D59D50AD}.Debug|Any CPU.Build.0 = Debug|Any CPU
		{DD4FE1BD-70D5-4CB8-A765-F876D59D50AD}.Release|Any CPU.ActiveCfg = Release|Any CPU
		{DD4FE1BD-70D5-4CB8-A765-F876D59D50AD}.Release|Any CPU.Build.0 = Release|Any CPU
		{5A3652EC-FC09-4D5A-8D86-03F8A3356562}.Debug|Any CPU.ActiveCfg = Debug|Any CPU
		{5A3652EC-FC09-4D5A-8D86-03F8A3356562}.Debug|Any CPU.Build.0 = Debug|Any CPU
		{5A3652EC-FC09-4D5A-8D86-03F8A3356562}.Release|Any CPU.ActiveCfg = Release|Any CPU
		{5A3652EC-FC09-4D5A-8D86-03F8A3356562}.Release|Any CPU.Build.0 = Release|Any CPU
		{507F5907-78A9-40DB-BEB5-6CA3789DE686}.Debug|Any CPU.ActiveCfg = Debug|Any CPU
		{507F5907-78A9-40DB-BEB5-6CA3789DE686}.Debug|Any CPU.Build.0 = Debug|Any CPU
		{507F5907-78A9-40DB-BEB5-6CA3789DE686}.Release|Any CPU.ActiveCfg = Release|Any CPU
		{507F5907-78A9-40DB-BEB5-6CA3789DE686}.Release|Any CPU.Build.0 = Release|Any CPU
	EndGlobalSection
	GlobalSection(SolutionProperties) = preSolution
		HideSolutionNode = FALSE
	EndGlobalSection
	GlobalSection(NestedProjects) = preSolution
		{DD4FE1BD-70D5-4CB8-A765-F876D59D50AD} = {B5AE9DC9-887F-41B2-9863-322663371CBE}
		{5A3652EC-FC09-4D5A-8D86-03F8A3356562} = {B5AE9DC9-887F-41B2-9863-322663371CBE}
		{507F5907-78A9-40DB-BEB5-6CA3789DE686} = {B5AE9DC9-887F-41B2-9863-322663371CBE}
	EndGlobalSection
EndGlobal
