
Microsoft Visual Studio Solution File, Format Version 12.00
# Visual Studio 14
VisualStudioVersion = 14.0.25123.0
MinimumVisualStudioVersion = 10.0.40219.1
Project("{2150E333-8FDC-42A3-9474-1A3956D46DE8}") = "src", "src", "{DF02A7A8-9A62-4DDA-8140-4A38F2F4321B}"
EndProject
Project("{2150E333-8FDC-42A3-9474-1A3956D46DE8}") = "Solution Items", "Solution Items", "{6B414CEE-28B8-4EF3-8295-6CD8886B996D}"
	ProjectSection(SolutionItems) = preProject
		global.json = global.json
	EndProjectSection
EndProject
Project("{8BB2217D-0F2D-49D1-97BC-3654ED321F3B}") = "SecurityTrainingSite", "src\SecurityTrainingSite\SecurityTrainingSite.xproj", "{0F098E91-878D-4D5F-B39E-8A6ED9DBD2E8}"
EndProject
Project("{8BB2217D-0F2D-49D1-97BC-3654ED321F3B}") = "DataAccessLayer", "src\DataAccessLayer\DataAccessLayer.xproj", "{55D3B315-1EC9-413F-8CD8-71972292BB23}"
EndProject
Project("{8BB2217D-0F2D-49D1-97BC-3654ED321F3B}") = "UnitTests", "src\UnitTests\UnitTests.xproj", "{9EC6D85E-1D0A-4478-9AC2-47625B5610C4}"
EndProject
Global
	GlobalSection(SolutionConfigurationPlatforms) = preSolution
		Debug|Any CPU = Debug|Any CPU
		Release|Any CPU = Release|Any CPU
	EndGlobalSection
	GlobalSection(ProjectConfigurationPlatforms) = postSolution
		{0F098E91-878D-4D5F-B39E-8A6ED9DBD2E8}.Debug|Any CPU.ActiveCfg = Debug|Any CPU
		{0F098E91-878D-4D5F-B39E-8A6ED9DBD2E8}.Debug|Any CPU.Build.0 = Debug|Any CPU
		{0F098E91-878D-4D5F-B39E-8A6ED9DBD2E8}.Release|Any CPU.ActiveCfg = Release|Any CPU
		{0F098E91-878D-4D5F-B39E-8A6ED9DBD2E8}.Release|Any CPU.Build.0 = Release|Any CPU
		{55D3B315-1EC9-413F-8CD8-71972292BB23}.Debug|Any CPU.ActiveCfg = Debug|Any CPU
		{55D3B315-1EC9-413F-8CD8-71972292BB23}.Debug|Any CPU.Build.0 = Debug|Any CPU
		{55D3B315-1EC9-413F-8CD8-71972292BB23}.Release|Any CPU.ActiveCfg = Release|Any CPU
		{55D3B315-1EC9-413F-8CD8-71972292BB23}.Release|Any CPU.Build.0 = Release|Any CPU
		{9EC6D85E-1D0A-4478-9AC2-47625B5610C4}.Debug|Any CPU.ActiveCfg = Debug|Any CPU
		{9EC6D85E-1D0A-4478-9AC2-47625B5610C4}.Debug|Any CPU.Build.0 = Debug|Any CPU
		{9EC6D85E-1D0A-4478-9AC2-47625B5610C4}.Release|Any CPU.ActiveCfg = Release|Any CPU
		{9EC6D85E-1D0A-4478-9AC2-47625B5610C4}.Release|Any CPU.Build.0 = Release|Any CPU
	EndGlobalSection
	GlobalSection(SolutionProperties) = preSolution
		HideSolutionNode = FALSE
	EndGlobalSection
	GlobalSection(NestedProjects) = preSolution
		{0F098E91-878D-4D5F-B39E-8A6ED9DBD2E8} = {DF02A7A8-9A62-4DDA-8140-4A38F2F4321B}
		{55D3B315-1EC9-413F-8CD8-71972292BB23} = {DF02A7A8-9A62-4DDA-8140-4A38F2F4321B}
		{9EC6D85E-1D0A-4478-9AC2-47625B5610C4} = {DF02A7A8-9A62-4DDA-8140-4A38F2F4321B}
	EndGlobalSection
EndGlobal
